
Microsoft Visual Studio Solution File, Format Version 12.00
# Visual Studio Version 16
VisualStudioVersion = 16.0.32630.194
MinimumVisualStudioVersion = 10.0.40219.1
Project("{FAE04EC0-301F-11D3-BF4B-00C04F79EFBC}") = "U2AC1_C", "U2AC1_C.csproj", "{46494EEC-10F1-4548-A3E7-7022B3BD946F}"
EndProject
Global
	GlobalSection(SolutionConfigurationPlatforms) = preSolution
		Debug|Any CPU = Debug|Any CPU
		Release|Any CPU = Release|Any CPU
	EndGlobalSection
	GlobalSection(ProjectConfigurationPlatforms) = postSolution
		{46494EEC-10F1-4548-A3E7-7022B3BD946F}.Debug|Any CPU.ActiveCfg = Debug|Any CPU
		{46494EEC-10F1-4548-A3E7-7022B3BD946F}.Debug|Any CPU.Build.0 = Debug|Any CPU
		{46494EEC-10F1-4548-A3E7-7022B3BD946F}.Release|Any CPU.ActiveCfg = Release|Any CPU
		{46494EEC-10F1-4548-A3E7-7022B3BD946F}.Release|Any CPU.Build.0 = Release|Any CPU
	EndGlobalSection
	GlobalSection(SolutionProperties) = preSolution
		HideSolutionNode = FALSE
	EndGlobalSection
	GlobalSection(ExtensibilityGlobals) = postSolution
		SolutionGuid = {EF5BDC1C-BC55-4518-956D-E55DD616AF75}
	EndGlobalSection
EndGlobal
